
Microsoft Visual Studio Solution File, Format Version 12.00
# Visual Studio Version 16
VisualStudioVersion = 16.0.29806.167
MinimumVisualStudioVersion = 10.0.40219.1
Project("{FAE04EC0-301F-11D3-BF4B-00C04F79EFBC}") = "Library_Razor", "Library_Razor\Library_Razor.csproj", "{B9FC5956-A3BE-4758-BAEB-484D9D9BEED9}"
EndProject
Global
	GlobalSection(SolutionConfigurationPlatforms) = preSolution
		Debug|Any CPU = Debug|Any CPU
		Release|Any CPU = Release|Any CPU
	EndGlobalSection
	GlobalSection(ProjectConfigurationPlatforms) = postSolution
		{B9FC5956-A3BE-4758-BAEB-484D9D9BEED9}.Debug|Any CPU.ActiveCfg = Debug|Any CPU
		{B9FC5956-A3BE-4758-BAEB-484D9D9BEED9}.Debug|Any CPU.Build.0 = Debug|Any CPU
		{B9FC5956-A3BE-4758-BAEB-484D9D9BEED9}.Release|Any CPU.ActiveCfg = Release|Any CPU
		{B9FC5956-A3BE-4758-BAEB-484D9D9BEED9}.Release|Any CPU.Build.0 = Release|Any CPU
	EndGlobalSection
	GlobalSection(SolutionProperties) = preSolution
		HideSolutionNode = FALSE
	EndGlobalSection
	GlobalSection(ExtensibilityGlobals) = postSolution
		SolutionGuid = {DF521DA5-64E4-4CC9-8AAF-516723322B2A}
	EndGlobalSection
EndGlobal
